
Microsoft Visual Studio Solution File, Format Version 12.00
# Visual Studio Version 16
VisualStudioVersion = 16.0.30907.101
MinimumVisualStudioVersion = 10.0.40219.1
Project("{FAE04EC0-301F-11D3-BF4B-00C04F79EFBC}") = "N-Club Pakkelegs-Assistent", "N-Club Pakkelegs-Assistent\N-Club Pakkelegs-Assistent.csproj", "{0991A76D-C8D8-452E-B0C9-A70D6F301E81}"
EndProject
Global
	GlobalSection(SolutionConfigurationPlatforms) = preSolution
		Debug|Any CPU = Debug|Any CPU
		Release|Any CPU = Release|Any CPU
	EndGlobalSection
	GlobalSection(ProjectConfigurationPlatforms) = postSolution
		{0991A76D-C8D8-452E-B0C9-A70D6F301E81}.Debug|Any CPU.ActiveCfg = Debug|Any CPU
		{0991A76D-C8D8-452E-B0C9-A70D6F301E81}.Debug|Any CPU.Build.0 = Debug|Any CPU
		{0991A76D-C8D8-452E-B0C9-A70D6F301E81}.Release|Any CPU.ActiveCfg = Release|Any CPU
		{0991A76D-C8D8-452E-B0C9-A70D6F301E81}.Release|Any CPU.Build.0 = Release|Any CPU
	EndGlobalSection
	GlobalSection(SolutionProperties) = preSolution
		HideSolutionNode = FALSE
	EndGlobalSection
	GlobalSection(ExtensibilityGlobals) = postSolution
		SolutionGuid = {3F69431C-FB85-44A0-92BF-2598503E2252}
	EndGlobalSection
EndGlobal
